# This file is automatically @generated by Wally.
# It is not intended for manual editing.
registry = "test"

[[package]]
name = "alex/the-murder-express"
version = "0.1.0"
dependencies = [["bytenet-max", "elitriare/bytenet-max@0.2.5"]]

[[package]]
name = "elitriare/bytenet-max"
version = "0.2.5"
dependencies = []
